// !$*UTF8*$!
{
	archiveVersion = 1;
	classes = {
	};
	objectVersion = 46;
	objects = {

/* Begin PBXBuildFile section */
		4A202EF01CB3C4C100643252 /* GiddyToDo+CoreDataProperties.swift in Sources */ = {isa = PBXBuildFile; fileRef = 4A202EEE1CB3C4C100643252 /* GiddyToDo+CoreDataProperties.swift */; };
		4A202EF11CB3C4C100643252 /* GiddyToDo.swift in Sources */ = {isa = PBXBuildFile; fileRef = 4A202EEF1CB3C4C100643252 /* GiddyToDo.swift */; };
		4A251A011CB24B1A007CF8EE /* ToDosVC.swift in Sources */ = {isa = PBXBuildFile; fileRef = 4A251A001CB24B1A007CF8EE /* ToDosVC.swift */; };
		4A251A041CB2E8CD007CF8EE /* GiddyDataModel.xcdatamodeld in Sources */ = {isa = PBXBuildFile; fileRef = 4A251A021CB2E8CD007CF8EE /* GiddyDataModel.xcdatamodeld */; };
		4A3DC0391C9E0C15009AB92A /* AppDelegate.swift in Sources */ = {isa = PBXBuildFile; fileRef = 4A3DC0381C9E0C15009AB92A /* AppDelegate.swift */; };
		4A3DC03E1C9E0C15009AB92A /* Main.storyboard in Resources */ = {isa = PBXBuildFile; fileRef = 4A3DC03C1C9E0C15009AB92A /* Main.storyboard */; };
		4A3DC0401C9E0C15009AB92A /* Assets.xcassets in Resources */ = {isa = PBXBuildFile; fileRef = 4A3DC03F1C9E0C15009AB92A /* Assets.xcassets */; };
		4A3DC0431C9E0C15009AB92A /* LaunchScreen.storyboard in Resources */ = {isa = PBXBuildFile; fileRef = 4A3DC0411C9E0C15009AB92A /* LaunchScreen.storyboard */; };
		4A3DC0531C9E2240009AB92A /* CloudKit.framework in Frameworks */ = {isa = PBXBuildFile; fileRef = 4A3DC0521C9E2240009AB92A /* CloudKit.framework */; };
		4A3DC05A1C9F1F66009AB92A /* Interface.storyboard in Resources */ = {isa = PBXBuildFile; fileRef = 4A3DC0581C9F1F66009AB92A /* Interface.storyboard */; };
		4A3DC05C1C9F1F66009AB92A /* Assets.xcassets in Resources */ = {isa = PBXBuildFile; fileRef = 4A3DC05B1C9F1F66009AB92A /* Assets.xcassets */; };
		4A3DC0631C9F1F66009AB92A /* Giddy Apple Watch Extension.appex in Embed App Extensions */ = {isa = PBXBuildFile; fileRef = 4A3DC0621C9F1F66009AB92A /* Giddy Apple Watch Extension.appex */; settings = {ATTRIBUTES = (RemoveHeadersOnCopy, ); }; };
		4A3DC06C1C9F1F66009AB92A /* ExtensionDelegate.swift in Sources */ = {isa = PBXBuildFile; fileRef = 4A3DC06B1C9F1F66009AB92A /* ExtensionDelegate.swift */; };
		4A3DC06E1C9F1F66009AB92A /* NotificationController.swift in Sources */ = {isa = PBXBuildFile; fileRef = 4A3DC06D1C9F1F66009AB92A /* NotificationController.swift */; };
		4A3DC0701C9F1F66009AB92A /* Assets.xcassets in Resources */ = {isa = PBXBuildFile; fileRef = 4A3DC06F1C9F1F66009AB92A /* Assets.xcassets */; };
		4A3DC0741C9F1F66009AB92A /* Giddy Apple Watch.app in Embed Watch Content */ = {isa = PBXBuildFile; fileRef = 4A3DC0561C9F1F66009AB92A /* Giddy Apple Watch.app */; };
		4A3DC07D1C9F209A009AB92A /* ExtensionDelegate.swift in Sources */ = {isa = PBXBuildFile; fileRef = 4A3DC06B1C9F1F66009AB92A /* ExtensionDelegate.swift */; };
		4A3DC07E1C9F20A9009AB92A /* NotificationController.swift in Sources */ = {isa = PBXBuildFile; fileRef = 4A3DC06D1C9F1F66009AB92A /* NotificationController.swift */; };
		4A3DC0841C9F2B0A009AB92A /* ToDoWatchItem.swift in Sources */ = {isa = PBXBuildFile; fileRef = 4A3DC0831C9F2B0A009AB92A /* ToDoWatchItem.swift */; };
		4A3DC0851C9F305D009AB92A /* ToDoWatchItem.swift in Sources */ = {isa = PBXBuildFile; fileRef = 4A3DC0831C9F2B0A009AB92A /* ToDoWatchItem.swift */; };
		4A3DC0871C9F30B0009AB92A /* AppleWatchInterfaceController.swift in Sources */ = {isa = PBXBuildFile; fileRef = 4A3DC0811C9F2549009AB92A /* AppleWatchInterfaceController.swift */; };
		4A3DC0881C9F30B1009AB92A /* AppleWatchInterfaceController.swift in Sources */ = {isa = PBXBuildFile; fileRef = 4A3DC0811C9F2549009AB92A /* AppleWatchInterfaceController.swift */; };
		4ABD924B1CA36D7500C43F6C /* Onboard1VC.swift in Sources */ = {isa = PBXBuildFile; fileRef = 4ABD924A1CA36D7500C43F6C /* Onboard1VC.swift */; };
		4ABD924D1CA36D8400C43F6C /* Onboard2VC.swift in Sources */ = {isa = PBXBuildFile; fileRef = 4ABD924C1CA36D8400C43F6C /* Onboard2VC.swift */; };
		4ABD924F1CA36D9000C43F6C /* Onboard3VC.swift in Sources */ = {isa = PBXBuildFile; fileRef = 4ABD924E1CA36D9000C43F6C /* Onboard3VC.swift */; };
		4AFD90D31CB2F287000B6706 /* EditToDoVC.swift in Sources */ = {isa = PBXBuildFile; fileRef = 4AFD90D21CB2F287000B6706 /* EditToDoVC.swift */; };
/* End PBXBuildFile section */

/* Begin PBXContainerItemProxy section */
		4A3DC0641C9F1F66009AB92A /* PBXContainerItemProxy */ = {
			isa = PBXContainerItemProxy;
			containerPortal = 4A3DC02D1C9E0C15009AB92A /* Project object */;
			proxyType = 1;
			remoteGlobalIDString = 4A3DC0611C9F1F66009AB92A;
			remoteInfo = "Giddy Apple Watch Extension";
		};
		4A3DC0721C9F1F66009AB92A /* PBXContainerItemProxy */ = {
			isa = PBXContainerItemProxy;
			containerPortal = 4A3DC02D1C9E0C15009AB92A /* Project object */;
			proxyType = 1;
			remoteGlobalIDString = 4A3DC0551C9F1F66009AB92A;
			remoteInfo = "Giddy Apple Watch";
		};
/* End PBXContainerItemProxy section */

/* Begin PBXCopyFilesBuildPhase section */
		4A3DC0781C9F1F66009AB92A /* Embed App Extensions */ = {
			isa = PBXCopyFilesBuildPhase;
			buildActionMask = 2147483647;
			dstPath = "";
			dstSubfolderSpec = 13;
			files = (
				4A3DC0631C9F1F66009AB92A /* Giddy Apple Watch Extension.appex in Embed App Extensions */,
			);
			name = "Embed App Extensions";
			runOnlyForDeploymentPostprocessing = 0;
		};
		4A3DC07C1C9F1F66009AB92A /* Embed Watch Content */ = {
			isa = PBXCopyFilesBuildPhase;
			buildActionMask = 2147483647;
			dstPath = "$(CONTENTS_FOLDER_PATH)/Watch";
			dstSubfolderSpec = 16;
			files = (
				4A3DC0741C9F1F66009AB92A /* Giddy Apple Watch.app in Embed Watch Content */,
			);
			name = "Embed Watch Content";
			runOnlyForDeploymentPostprocessing = 0;
		};
/* End PBXCopyFilesBuildPhase section */

/* Begin PBXFileReference section */
		2FDE641A502A0175F39A2FD9 /* Pods-Giddy.release.xcconfig */ = {isa = PBXFileReference; includeInIndex = 1; lastKnownFileType = text.xcconfig; name = "Pods-Giddy.release.xcconfig"; path = "Pods/Target Support Files/Pods-Giddy/Pods-Giddy.release.xcconfig"; sourceTree = "<group>"; };
		4A202EEE1CB3C4C100643252 /* GiddyToDo+CoreDataProperties.swift */ = {isa = PBXFileReference; fileEncoding = 4; lastKnownFileType = sourcecode.swift; path = "GiddyToDo+CoreDataProperties.swift"; sourceTree = "<group>"; };
		4A202EEF1CB3C4C100643252 /* GiddyToDo.swift */ = {isa = PBXFileReference; fileEncoding = 4; lastKnownFileType = sourcecode.swift; path = GiddyToDo.swift; sourceTree = "<group>"; };
		4A251A001CB24B1A007CF8EE /* ToDosVC.swift */ = {isa = PBXFileReference; fileEncoding = 4; lastKnownFileType = sourcecode.swift; path = ToDosVC.swift; sourceTree = "<group>"; };
		4A251A031CB2E8CD007CF8EE /* GiddyDataModel.xcdatamodel */ = {isa = PBXFileReference; lastKnownFileType = wrapper.xcdatamodel; path = GiddyDataModel.xcdatamodel; sourceTree = "<group>"; };
		4A3DC0351C9E0C15009AB92A /* Giddy.app */ = {isa = PBXFileReference; explicitFileType = wrapper.application; includeInIndex = 0; path = Giddy.app; sourceTree = BUILT_PRODUCTS_DIR; };
		4A3DC0381C9E0C15009AB92A /* AppDelegate.swift */ = {isa = PBXFileReference; lastKnownFileType = sourcecode.swift; path = AppDelegate.swift; sourceTree = "<group>"; };
		4A3DC03D1C9E0C15009AB92A /* Base */ = {isa = PBXFileReference; lastKnownFileType = file.storyboard; name = Base; path = Base.lproj/Main.storyboard; sourceTree = "<group>"; };
		4A3DC03F1C9E0C15009AB92A /* Assets.xcassets */ = {isa = PBXFileReference; lastKnownFileType = folder.assetcatalog; path = Assets.xcassets; sourceTree = "<group>"; };
		4A3DC0421C9E0C15009AB92A /* Base */ = {isa = PBXFileReference; lastKnownFileType = file.storyboard; name = Base; path = Base.lproj/LaunchScreen.storyboard; sourceTree = "<group>"; };
		4A3DC0441C9E0C15009AB92A /* Info.plist */ = {isa = PBXFileReference; lastKnownFileType = text.plist.xml; path = Info.plist; sourceTree = "<group>"; };
		4A3DC04A1C9E0CB4009AB92A /* Giddy.entitlements */ = {isa = PBXFileReference; lastKnownFileType = text.xml; path = Giddy.entitlements; sourceTree = "<group>"; };
		4A3DC0521C9E2240009AB92A /* CloudKit.framework */ = {isa = PBXFileReference; lastKnownFileType = wrapper.framework; name = CloudKit.framework; path = System/Library/Frameworks/CloudKit.framework; sourceTree = SDKROOT; };
		4A3DC0561C9F1F66009AB92A /* Giddy Apple Watch.app */ = {isa = PBXFileReference; explicitFileType = wrapper.application; includeInIndex = 0; path = "Giddy Apple Watch.app"; sourceTree = BUILT_PRODUCTS_DIR; };
		4A3DC0591C9F1F66009AB92A /* Base */ = {isa = PBXFileReference; lastKnownFileType = file.storyboard; name = Base; path = Base.lproj/Interface.storyboard; sourceTree = "<group>"; };
		4A3DC05B1C9F1F66009AB92A /* Assets.xcassets */ = {isa = PBXFileReference; lastKnownFileType = folder.assetcatalog; path = Assets.xcassets; sourceTree = "<group>"; };
		4A3DC05D1C9F1F66009AB92A /* Info.plist */ = {isa = PBXFileReference; lastKnownFileType = text.plist.xml; path = Info.plist; sourceTree = "<group>"; };
		4A3DC0621C9F1F66009AB92A /* Giddy Apple Watch Extension.appex */ = {isa = PBXFileReference; explicitFileType = "wrapper.app-extension"; includeInIndex = 0; path = "Giddy Apple Watch Extension.appex"; sourceTree = BUILT_PRODUCTS_DIR; };
		4A3DC0681C9F1F66009AB92A /* PushNotificationPayload.apns */ = {isa = PBXFileReference; lastKnownFileType = text; path = PushNotificationPayload.apns; sourceTree = "<group>"; };
		4A3DC06B1C9F1F66009AB92A /* ExtensionDelegate.swift */ = {isa = PBXFileReference; lastKnownFileType = sourcecode.swift; path = ExtensionDelegate.swift; sourceTree = "<group>"; };
		4A3DC06D1C9F1F66009AB92A /* NotificationController.swift */ = {isa = PBXFileReference; lastKnownFileType = sourcecode.swift; path = NotificationController.swift; sourceTree = "<group>"; };
		4A3DC06F1C9F1F66009AB92A /* Assets.xcassets */ = {isa = PBXFileReference; lastKnownFileType = folder.assetcatalog; path = Assets.xcassets; sourceTree = "<group>"; };
		4A3DC0711C9F1F66009AB92A /* Info.plist */ = {isa = PBXFileReference; lastKnownFileType = text.plist.xml; path = Info.plist; sourceTree = "<group>"; };
		4A3DC0811C9F2549009AB92A /* AppleWatchInterfaceController.swift */ = {isa = PBXFileReference; fileEncoding = 4; lastKnownFileType = sourcecode.swift; name = AppleWatchInterfaceController.swift; path = ../AppleWatchInterfaceController.swift; sourceTree = "<group>"; };
		4A3DC0831C9F2B0A009AB92A /* ToDoWatchItem.swift */ = {isa = PBXFileReference; fileEncoding = 4; lastKnownFileType = sourcecode.swift; path = ToDoWatchItem.swift; sourceTree = "<group>"; };
		4ABD924A1CA36D7500C43F6C /* Onboard1VC.swift */ = {isa = PBXFileReference; fileEncoding = 4; lastKnownFileType = sourcecode.swift; path = Onboard1VC.swift; sourceTree = "<group>"; };
		4ABD924C1CA36D8400C43F6C /* Onboard2VC.swift */ = {isa = PBXFileReference; fileEncoding = 4; lastKnownFileType = sourcecode.swift; path = Onboard2VC.swift; sourceTree = "<group>"; };
		4ABD924E1CA36D9000C43F6C /* Onboard3VC.swift */ = {isa = PBXFileReference; fileEncoding = 4; lastKnownFileType = sourcecode.swift; path = Onboard3VC.swift; sourceTree = "<group>"; };
		4AFD90D21CB2F287000B6706 /* EditToDoVC.swift */ = {isa = PBXFileReference; fileEncoding = 4; lastKnownFileType = sourcecode.swift; path = EditToDoVC.swift; sourceTree = "<group>"; };
		590E06F7877135B36A45D041 /* Pods_Giddy.framework */ = {isa = PBXFileReference; explicitFileType = wrapper.framework; includeInIndex = 0; path = Pods_Giddy.framework; sourceTree = BUILT_PRODUCTS_DIR; };
		B8D0DCCF96785FFF6395DADC /* Pods-Giddy.debug.xcconfig */ = {isa = PBXFileReference; includeInIndex = 1; lastKnownFileType = text.xcconfig; name = "Pods-Giddy.debug.xcconfig"; path = "Pods/Target Support Files/Pods-Giddy/Pods-Giddy.debug.xcconfig"; sourceTree = "<group>"; };
/* End PBXFileReference section */

/* Begin PBXFrameworksBuildPhase section */
		4A3DC0321C9E0C15009AB92A /* Frameworks */ = {
			isa = PBXFrameworksBuildPhase;
			buildActionMask = 2147483647;
			files = (
				4A3DC0531C9E2240009AB92A /* CloudKit.framework in Frameworks */,
			);
			runOnlyForDeploymentPostprocessing = 0;
		};
		4A3DC05F1C9F1F66009AB92A /* Frameworks */ = {
			isa = PBXFrameworksBuildPhase;
			buildActionMask = 2147483647;
			files = (
			);
			runOnlyForDeploymentPostprocessing = 0;
		};
/* End PBXFrameworksBuildPhase section */

/* Begin PBXGroup section */
		4A3DC02C1C9E0C15009AB92A = {
			isa = PBXGroup;
			children = (
				4A3DC0521C9E2240009AB92A /* CloudKit.framework */,
				4A3DC0371C9E0C15009AB92A /* Giddy */,
				4A3DC04F1C9E0DBC009AB92A /* Supporting files */,
				4A3DC0571C9F1F66009AB92A /* Giddy Apple Watch */,
				4A3DC0661C9F1F66009AB92A /* Giddy Apple Watch Extension */,
				4A3DC0361C9E0C15009AB92A /* Products */,
				809396941571D1B063388A63 /* Pods */,
				F37330538CBD7A7D2C199B94 /* Frameworks */,
			);
			sourceTree = "<group>";
		};
		4A3DC0361C9E0C15009AB92A /* Products */ = {
			isa = PBXGroup;
			children = (
				4A3DC0351C9E0C15009AB92A /* Giddy.app */,
				4A3DC0561C9F1F66009AB92A /* Giddy Apple Watch.app */,
				4A3DC0621C9F1F66009AB92A /* Giddy Apple Watch Extension.appex */,
			);
			name = Products;
			sourceTree = "<group>";
		};
		4A3DC0371C9E0C15009AB92A /* Giddy */ = {
			isa = PBXGroup;
			children = (
				4A3DC0511C9E0DDC009AB92A /* Controllers */,
				4A3DC0501C9E0DCC009AB92A /* View */,
			);
			path = Giddy;
			sourceTree = "<group>";
		};
		4A3DC04F1C9E0DBC009AB92A /* Supporting files */ = {
			isa = PBXGroup;
			children = (
				4A3DC04A1C9E0CB4009AB92A /* Giddy.entitlements */,
				4A3DC0441C9E0C15009AB92A /* Info.plist */,
				4A3DC0381C9E0C15009AB92A /* AppDelegate.swift */,
				4AFD90DC1CB3B3F5000B6706 /* CoreData */,
			);
			name = "Supporting files";
			path = Giddy;
			sourceTree = "<group>";
		};
		4A3DC0501C9E0DCC009AB92A /* View */ = {
			isa = PBXGroup;
			children = (
				4A3DC03C1C9E0C15009AB92A /* Main.storyboard */,
				4ABD92501CA36D9900C43F6C /* Onboarding */,
				4A3DC0411C9E0C15009AB92A /* LaunchScreen.storyboard */,
				4A3DC03F1C9E0C15009AB92A /* Assets.xcassets */,
			);
			name = View;
			sourceTree = "<group>";
		};
		4A3DC0511C9E0DDC009AB92A /* Controllers */ = {
			isa = PBXGroup;
			children = (
				4A251A001CB24B1A007CF8EE /* ToDosVC.swift */,
				4AFD90D21CB2F287000B6706 /* EditToDoVC.swift */,
			);
			name = Controllers;
			sourceTree = "<group>";
		};
		4A3DC0571C9F1F66009AB92A /* Giddy Apple Watch */ = {
			isa = PBXGroup;
			children = (
				4A3DC0581C9F1F66009AB92A /* Interface.storyboard */,
				4A3DC0831C9F2B0A009AB92A /* ToDoWatchItem.swift */,
				4A3DC0811C9F2549009AB92A /* AppleWatchInterfaceController.swift */,
				4A3DC05B1C9F1F66009AB92A /* Assets.xcassets */,
				4A3DC05D1C9F1F66009AB92A /* Info.plist */,
			);
			path = "Giddy Apple Watch";
			sourceTree = "<group>";
		};
		4A3DC0661C9F1F66009AB92A /* Giddy Apple Watch Extension */ = {
			isa = PBXGroup;
			children = (
				4A3DC06B1C9F1F66009AB92A /* ExtensionDelegate.swift */,
				4A3DC06D1C9F1F66009AB92A /* NotificationController.swift */,
				4A3DC06F1C9F1F66009AB92A /* Assets.xcassets */,
				4A3DC0711C9F1F66009AB92A /* Info.plist */,
				4A3DC0671C9F1F66009AB92A /* Supporting Files */,
			);
			path = "Giddy Apple Watch Extension";
			sourceTree = "<group>";
		};
		4A3DC0671C9F1F66009AB92A /* Supporting Files */ = {
			isa = PBXGroup;
			children = (
				4A3DC0681C9F1F66009AB92A /* PushNotificationPayload.apns */,
			);
			name = "Supporting Files";
			sourceTree = "<group>";
		};
		4ABD92501CA36D9900C43F6C /* Onboarding */ = {
			isa = PBXGroup;
			children = (
				4ABD924A1CA36D7500C43F6C /* Onboard1VC.swift */,
				4ABD924C1CA36D8400C43F6C /* Onboard2VC.swift */,
				4ABD924E1CA36D9000C43F6C /* Onboard3VC.swift */,
			);
			name = Onboarding;
			sourceTree = "<group>";
		};
		4AFD90DC1CB3B3F5000B6706 /* CoreData */ = {
			isa = PBXGroup;
			children = (
				4A202EEE1CB3C4C100643252 /* GiddyToDo+CoreDataProperties.swift */,
				4A202EEF1CB3C4C100643252 /* GiddyToDo.swift */,
				4A251A021CB2E8CD007CF8EE /* GiddyDataModel.xcdatamodeld */,
			);
			name = CoreData;
			sourceTree = "<group>";
		};
		809396941571D1B063388A63 /* Pods */ = {
			isa = PBXGroup;
			children = (
				B8D0DCCF96785FFF6395DADC /* Pods-Giddy.debug.xcconfig */,
				2FDE641A502A0175F39A2FD9 /* Pods-Giddy.release.xcconfig */,
			);
			name = Pods;
			sourceTree = "<group>";
		};
		F37330538CBD7A7D2C199B94 /* Frameworks */ = {
			isa = PBXGroup;
			children = (
				590E06F7877135B36A45D041 /* Pods_Giddy.framework */,
			);
			name = Frameworks;
			sourceTree = "<group>";
		};
/* End PBXGroup section */

/* Begin PBXNativeTarget section */
		4A3DC0341C9E0C15009AB92A /* Giddy */ = {
			isa = PBXNativeTarget;
			buildConfigurationList = 4A3DC0471C9E0C15009AB92A /* Build configuration list for PBXNativeTarget "Giddy" */;
			buildPhases = (
				49149DF8BF2BD6072E62864B /* Check Pods Manifest.lock */,
				4A3DC0311C9E0C15009AB92A /* Sources */,
				4A3DC0321C9E0C15009AB92A /* Frameworks */,
				4A3DC0331C9E0C15009AB92A /* Resources */,
				4A3DC07C1C9F1F66009AB92A /* Embed Watch Content */,
				3FF9D936DAC3DA4EDD0A83DB /* Embed Pods Frameworks */,
				9905075C4F81170C16DB0B08 /* Copy Pods Resources */,
			);
			buildRules = (
			);
			dependencies = (
				4A3DC0731C9F1F66009AB92A /* PBXTargetDependency */,
			);
			name = Giddy;
			productName = Giddy;
			productReference = 4A3DC0351C9E0C15009AB92A /* Giddy.app */;
			productType = "com.apple.product-type.application";
		};
		4A3DC0551C9F1F66009AB92A /* Giddy Apple Watch */ = {
			isa = PBXNativeTarget;
			buildConfigurationList = 4A3DC0791C9F1F66009AB92A /* Build configuration list for PBXNativeTarget "Giddy Apple Watch" */;
			buildPhases = (
				4A3DC0541C9F1F66009AB92A /* Resources */,
				4A3DC0781C9F1F66009AB92A /* Embed App Extensions */,
			);
			buildRules = (
			);
			dependencies = (
				4A3DC0651C9F1F66009AB92A /* PBXTargetDependency */,
			);
			name = "Giddy Apple Watch";
			productName = "Giddy Apple Watch";
			productReference = 4A3DC0561C9F1F66009AB92A /* Giddy Apple Watch.app */;
			productType = "com.apple.product-type.application.watchapp2";
		};
		4A3DC0611C9F1F66009AB92A /* Giddy Apple Watch Extension */ = {
			isa = PBXNativeTarget;
			buildConfigurationList = 4A3DC0751C9F1F66009AB92A /* Build configuration list for PBXNativeTarget "Giddy Apple Watch Extension" */;
			buildPhases = (
				4A3DC05E1C9F1F66009AB92A /* Sources */,
				4A3DC05F1C9F1F66009AB92A /* Frameworks */,
				4A3DC0601C9F1F66009AB92A /* Resources */,
			);
			buildRules = (
			);
			dependencies = (
			);
			name = "Giddy Apple Watch Extension";
			productName = "Giddy Apple Watch Extension";
			productReference = 4A3DC0621C9F1F66009AB92A /* Giddy Apple Watch Extension.appex */;
			productType = "com.apple.product-type.watchkit2-extension";
		};
/* End PBXNativeTarget section */

/* Begin PBXProject section */
		4A3DC02D1C9E0C15009AB92A /* Project object */ = {
			isa = PBXProject;
			attributes = {
				LastSwiftUpdateCheck = 0720;
				LastUpgradeCheck = 0720;
				ORGANIZATIONNAME = "Nicholas Naudé";
				TargetAttributes = {
					4A3DC0341C9E0C15009AB92A = {
						CreatedOnToolsVersion = 7.2.1;
						DevelopmentTeam = MZLXP99C33;
						SystemCapabilities = {
							com.apple.iCloud = {
								enabled = 1;
							};
						};
					};
					4A3DC0551C9F1F66009AB92A = {
						CreatedOnToolsVersion = 7.2.1;
						DevelopmentTeam = MZLXP99C33;
					};
					4A3DC0611C9F1F66009AB92A = {
						CreatedOnToolsVersion = 7.2.1;
					};
				};
			};
			buildConfigurationList = 4A3DC0301C9E0C15009AB92A /* Build configuration list for PBXProject "Giddy" */;
			compatibilityVersion = "Xcode 3.2";
			developmentRegion = English;
			hasScannedForEncodings = 0;
			knownRegions = (
				en,
				Base,
			);
			mainGroup = 4A3DC02C1C9E0C15009AB92A;
			productRefGroup = 4A3DC0361C9E0C15009AB92A /* Products */;
			projectDirPath = "";
			projectRoot = "";
			targets = (
				4A3DC0341C9E0C15009AB92A /* Giddy */,
				4A3DC0551C9F1F66009AB92A /* Giddy Apple Watch */,
				4A3DC0611C9F1F66009AB92A /* Giddy Apple Watch Extension */,
			);
		};
/* End PBXProject section */

/* Begin PBXResourcesBuildPhase section */
		4A3DC0331C9E0C15009AB92A /* Resources */ = {
			isa = PBXResourcesBuildPhase;
			buildActionMask = 2147483647;
			files = (
				4A3DC0431C9E0C15009AB92A /* LaunchScreen.storyboard in Resources */,
				4A3DC0401C9E0C15009AB92A /* Assets.xcassets in Resources */,
				4A3DC03E1C9E0C15009AB92A /* Main.storyboard in Resources */,
			);
			runOnlyForDeploymentPostprocessing = 0;
		};
		4A3DC0541C9F1F66009AB92A /* Resources */ = {
			isa = PBXResourcesBuildPhase;
			buildActionMask = 2147483647;
			files = (
				4A3DC05C1C9F1F66009AB92A /* Assets.xcassets in Resources */,
				4A3DC05A1C9F1F66009AB92A /* Interface.storyboard in Resources */,
			);
			runOnlyForDeploymentPostprocessing = 0;
		};
		4A3DC0601C9F1F66009AB92A /* Resources */ = {
			isa = PBXResourcesBuildPhase;
			buildActionMask = 2147483647;
			files = (
				4A3DC0701C9F1F66009AB92A /* Assets.xcassets in Resources */,
			);
			runOnlyForDeploymentPostprocessing = 0;
		};
/* End PBXResourcesBuildPhase section */

/* Begin PBXShellScriptBuildPhase section */
		3FF9D936DAC3DA4EDD0A83DB /* Embed Pods Frameworks */ = {
			isa = PBXShellScriptBuildPhase;
			buildActionMask = 2147483647;
			files = (
			);
			inputPaths = (
			);
			name = "Embed Pods Frameworks";
			outputPaths = (
			);
			runOnlyForDeploymentPostprocessing = 0;
			shellPath = /bin/sh;
			shellScript = "";
			showEnvVarsInLog = 0;
		};
		49149DF8BF2BD6072E62864B /* Check Pods Manifest.lock */ = {
			isa = PBXShellScriptBuildPhase;
			buildActionMask = 2147483647;
			files = (
			);
			inputPaths = (
			);
			name = "Check Pods Manifest.lock";
			outputPaths = (
			);
			runOnlyForDeploymentPostprocessing = 0;
			shellPath = /bin/sh;
			shellScript = "";
			showEnvVarsInLog = 0;
		};
		9905075C4F81170C16DB0B08 /* Copy Pods Resources */ = {
			isa = PBXShellScriptBuildPhase;
			buildActionMask = 2147483647;
			files = (
			);
			inputPaths = (
			);
			name = "Copy Pods Resources";
			outputPaths = (
			);
			runOnlyForDeploymentPostprocessing = 0;
			shellPath = /bin/sh;
			shellScript = "";
			showEnvVarsInLog = 0;
		};
/* End PBXShellScriptBuildPhase section */

/* Begin PBXSourcesBuildPhase section */
		4A3DC0311C9E0C15009AB92A /* Sources */ = {
			isa = PBXSourcesBuildPhase;
			buildActionMask = 2147483647;
			files = (
				4ABD924F1CA36D9000C43F6C /* Onboard3VC.swift in Sources */,
				4A251A041CB2E8CD007CF8EE /* GiddyDataModel.xcdatamodeld in Sources */,
				4A251A011CB24B1A007CF8EE /* ToDosVC.swift in Sources */,
				4ABD924B1CA36D7500C43F6C /* Onboard1VC.swift in Sources */,
				4A3DC0841C9F2B0A009AB92A /* ToDoWatchItem.swift in Sources */,
				4A202EF11CB3C4C100643252 /* GiddyToDo.swift in Sources */,
				4ABD924D1CA36D8400C43F6C /* Onboard2VC.swift in Sources */,
				4A3DC0391C9E0C15009AB92A /* AppDelegate.swift in Sources */,
				4A202EF01CB3C4C100643252 /* GiddyToDo+CoreDataProperties.swift in Sources */,
				4AFD90D31CB2F287000B6706 /* EditToDoVC.swift in Sources */,
				4A3DC07E1C9F20A9009AB92A /* NotificationController.swift in Sources */,
				4A3DC0871C9F30B0009AB92A /* AppleWatchInterfaceController.swift in Sources */,
				4A3DC07D1C9F209A009AB92A /* ExtensionDelegate.swift in Sources */,
			);
			runOnlyForDeploymentPostprocessing = 0;
		};
		4A3DC05E1C9F1F66009AB92A /* Sources */ = {
			isa = PBXSourcesBuildPhase;
			buildActionMask = 2147483647;
			files = (
				4A3DC0881C9F30B1009AB92A /* AppleWatchInterfaceController.swift in Sources */,
				4A3DC06E1C9F1F66009AB92A /* NotificationController.swift in Sources */,
				4A3DC0851C9F305D009AB92A /* ToDoWatchItem.swift in Sources */,
				4A3DC06C1C9F1F66009AB92A /* ExtensionDelegate.swift in Sources */,
			);
			runOnlyForDeploymentPostprocessing = 0;
		};
/* End PBXSourcesBuildPhase section */

/* Begin PBXTargetDependency section */
		4A3DC0651C9F1F66009AB92A /* PBXTargetDependency */ = {
			isa = PBXTargetDependency;
			target = 4A3DC0611C9F1F66009AB92A /* Giddy Apple Watch Extension */;
			targetProxy = 4A3DC0641C9F1F66009AB92A /* PBXContainerItemProxy */;
		};
		4A3DC0731C9F1F66009AB92A /* PBXTargetDependency */ = {
			isa = PBXTargetDependency;
			target = 4A3DC0551C9F1F66009AB92A /* Giddy Apple Watch */;
			targetProxy = 4A3DC0721C9F1F66009AB92A /* PBXContainerItemProxy */;
		};
/* End PBXTargetDependency section */

/* Begin PBXVariantGroup section */
		4A3DC03C1C9E0C15009AB92A /* Main.storyboard */ = {
			isa = PBXVariantGroup;
			children = (
				4A3DC03D1C9E0C15009AB92A /* Base */,
			);
			name = Main.storyboard;
			sourceTree = "<group>";
		};
		4A3DC0411C9E0C15009AB92A /* LaunchScreen.storyboard */ = {
			isa = PBXVariantGroup;
			children = (
				4A3DC0421C9E0C15009AB92A /* Base */,
			);
			name = LaunchScreen.storyboard;
			sourceTree = "<group>";
		};
		4A3DC0581C9F1F66009AB92A /* Interface.storyboard */ = {
			isa = PBXVariantGroup;
			children = (
				4A3DC0591C9F1F66009AB92A /* Base */,
			);
			name = Interface.storyboard;
			sourceTree = "<group>";
		};
/* End PBXVariantGroup section */

/* Begin XCBuildConfiguration section */
		4A3DC0451C9E0C15009AB92A /* Debug */ = {
			isa = XCBuildConfiguration;
			buildSettings = {
				ALWAYS_SEARCH_USER_PATHS = NO;
				CLANG_CXX_LANGUAGE_STANDARD = "gnu++0x";
				CLANG_CXX_LIBRARY = "libc++";
				CLANG_ENABLE_MODULES = YES;
				CLANG_ENABLE_OBJC_ARC = YES;
				CLANG_WARN_BOOL_CONVERSION = YES;
				CLANG_WARN_CONSTANT_CONVERSION = YES;
				CLANG_WARN_DIRECT_OBJC_ISA_USAGE = YES_ERROR;
				CLANG_WARN_EMPTY_BODY = YES;
				CLANG_WARN_ENUM_CONVERSION = YES;
				CLANG_WARN_INT_CONVERSION = YES;
				CLANG_WARN_OBJC_ROOT_CLASS = YES_ERROR;
				CLANG_WARN_UNREACHABLE_CODE = YES;
				CLANG_WARN__DUPLICATE_METHOD_MATCH = YES;
				"CODE_SIGN_IDENTITY[sdk=iphoneos*]" = "iPhone Developer";
				COPY_PHASE_STRIP = NO;
				DEBUG_INFORMATION_FORMAT = dwarf;
				ENABLE_STRICT_OBJC_MSGSEND = YES;
				ENABLE_TESTABILITY = YES;
				GCC_C_LANGUAGE_STANDARD = gnu99;
				GCC_DYNAMIC_NO_PIC = NO;
				GCC_NO_COMMON_BLOCKS = YES;
				GCC_OPTIMIZATION_LEVEL = 0;
				GCC_PREPROCESSOR_DEFINITIONS = (
					"DEBUG=1",
					"$(inherited)",
				);
				GCC_WARN_64_TO_32_BIT_CONVERSION = YES;
				GCC_WARN_ABOUT_RETURN_TYPE = YES_ERROR;
				GCC_WARN_UNDECLARED_SELECTOR = YES;
				GCC_WARN_UNINITIALIZED_AUTOS = YES_AGGRESSIVE;
				GCC_WARN_UNUSED_FUNCTION = YES;
				GCC_WARN_UNUSED_VARIABLE = YES;
				IPHONEOS_DEPLOYMENT_TARGET = 9.2;
				MTL_ENABLE_DEBUG_INFO = YES;
				ONLY_ACTIVE_ARCH = YES;
				SDKROOT = iphoneos;
				SWIFT_OPTIMIZATION_LEVEL = "-Onone";
			};
			name = Debug;
		};
		4A3DC0461C9E0C15009AB92A /* Release */ = {
			isa = XCBuildConfiguration;
			buildSettings = {
				ALWAYS_SEARCH_USER_PATHS = NO;
				CLANG_CXX_LANGUAGE_STANDARD = "gnu++0x";
				CLANG_CXX_LIBRARY = "libc++";
				CLANG_ENABLE_MODULES = YES;
				CLANG_ENABLE_OBJC_ARC = YES;
				CLANG_WARN_BOOL_CONVERSION = YES;
				CLANG_WARN_CONSTANT_CONVERSION = YES;
				CLANG_WARN_DIRECT_OBJC_ISA_USAGE = YES_ERROR;
				CLANG_WARN_EMPTY_BODY = YES;
				CLANG_WARN_ENUM_CONVERSION = YES;
				CLANG_WARN_INT_CONVERSION = YES;
				CLANG_WARN_OBJC_ROOT_CLASS = YES_ERROR;
				CLANG_WARN_UNREACHABLE_CODE = YES;
				CLANG_WARN__DUPLICATE_METHOD_MATCH = YES;
				"CODE_SIGN_IDENTITY[sdk=iphoneos*]" = "iPhone Developer";
				COPY_PHASE_STRIP = NO;
				DEBUG_INFORMATION_FORMAT = "dwarf-with-dsym";
				ENABLE_NS_ASSERTIONS = NO;
				ENABLE_STRICT_OBJC_MSGSEND = YES;
				GCC_C_LANGUAGE_STANDARD = gnu99;
				GCC_NO_COMMON_BLOCKS = YES;
				GCC_WARN_64_TO_32_BIT_CONVERSION = YES;
				GCC_WARN_ABOUT_RETURN_TYPE = YES_ERROR;
				GCC_WARN_UNDECLARED_SELECTOR = YES;
				GCC_WARN_UNINITIALIZED_AUTOS = YES_AGGRESSIVE;
				GCC_WARN_UNUSED_FUNCTION = YES;
				GCC_WARN_UNUSED_VARIABLE = YES;
				IPHONEOS_DEPLOYMENT_TARGET = 9.2;
				MTL_ENABLE_DEBUG_INFO = NO;
				SDKROOT = iphoneos;
				VALIDATE_PRODUCT = YES;
			};
			name = Release;
		};
		4A3DC0481C9E0C15009AB92A /* Debug */ = {
			isa = XCBuildConfiguration;
			baseConfigurationReference = B8D0DCCF96785FFF6395DADC /* Pods-Giddy.debug.xcconfig */;
			buildSettings = {
				ASSETCATALOG_COMPILER_APPICON_NAME = AppIcon;
				CODE_SIGN_ENTITLEMENTS = Giddy/Giddy.entitlements;
				CODE_SIGN_IDENTITY = "iPhone Developer";
				"CODE_SIGN_IDENTITY[sdk=iphoneos*]" = "iPhone Developer";
				INFOPLIST_FILE = Giddy/Info.plist;
				LD_RUNPATH_SEARCH_PATHS = "$(inherited) @executable_path/Frameworks";
				PRODUCT_BUNDLE_IDENTIFIER = com.nicholasnaude.Giddy;
				PRODUCT_NAME = "$(TARGET_NAME)";
				PROVISIONING_PROFILE = "";
			};
			name = Debug;
		};
		4A3DC0491C9E0C15009AB92A /* Release */ = {
			isa = XCBuildConfiguration;
			baseConfigurationReference = 2FDE641A502A0175F39A2FD9 /* Pods-Giddy.release.xcconfig */;
			buildSettings = {
				ASSETCATALOG_COMPILER_APPICON_NAME = AppIcon;
				CODE_SIGN_ENTITLEMENTS = Giddy/Giddy.entitlements;
				CODE_SIGN_IDENTITY = "iPhone Developer";
				"CODE_SIGN_IDENTITY[sdk=iphoneos*]" = "iPhone Developer";
				INFOPLIST_FILE = Giddy/Info.plist;
				LD_RUNPATH_SEARCH_PATHS = "$(inherited) @executable_path/Frameworks";
				PRODUCT_BUNDLE_IDENTIFIER = com.nicholasnaude.Giddy;
				PRODUCT_NAME = "$(TARGET_NAME)";
				PROVISIONING_PROFILE = "";
			};
			name = Release;
		};
		4A3DC0761C9F1F66009AB92A /* Debug */ = {
			isa = XCBuildConfiguration;
			buildSettings = {
				INFOPLIST_FILE = "Giddy Apple Watch Extension/Info.plist";
				LD_RUNPATH_SEARCH_PATHS = "$(inherited) @executable_path/Frameworks @executable_path/../../Frameworks";
				PRODUCT_BUNDLE_IDENTIFIER = com.nicholasnaude.Giddy.watchkitapp.watchkitextension;
				PRODUCT_NAME = "${TARGET_NAME}";
				SDKROOT = watchos;
				SKIP_INSTALL = YES;
				TARGETED_DEVICE_FAMILY = 4;
				WATCHOS_DEPLOYMENT_TARGET = 2.1;
			};
			name = Debug;
		};
		4A3DC0771C9F1F66009AB92A /* Release */ = {
			isa = XCBuildConfiguration;
			buildSettings = {
				INFOPLIST_FILE = "Giddy Apple Watch Extension/Info.plist";
				LD_RUNPATH_SEARCH_PATHS = "$(inherited) @executable_path/Frameworks @executable_path/../../Frameworks";
				PRODUCT_BUNDLE_IDENTIFIER = com.nicholasnaude.Giddy.watchkitapp.watchkitextension;
				PRODUCT_NAME = "${TARGET_NAME}";
				SDKROOT = watchos;
				SKIP_INSTALL = YES;
				TARGETED_DEVICE_FAMILY = 4;
				WATCHOS_DEPLOYMENT_TARGET = 2.1;
			};
			name = Release;
		};
		4A3DC07A1C9F1F66009AB92A /* Debug */ = {
			isa = XCBuildConfiguration;
			buildSettings = {
				ASSETCATALOG_COMPILER_APPICON_NAME = AppIcon;
				EMBEDDED_CONTENT_CONTAINS_SWIFT = YES;
				IBSC_MODULE = Giddy_Apple_Watch_Extension;
				INFOPLIST_FILE = "Giddy Apple Watch/Info.plist";
				PRODUCT_BUNDLE_IDENTIFIER = com.nicholasnaude.Giddy.watchkitapp;
				PRODUCT_NAME = "$(TARGET_NAME)";
				SDKROOT = watchos;
				SKIP_INSTALL = YES;
				TARGETED_DEVICE_FAMILY = 4;
				WATCHOS_DEPLOYMENT_TARGET = 2.1;
			};
			name = Debug;
		};
		4A3DC07B1C9F1F66009AB92A /* Release */ = {
			isa = XCBuildConfiguration;
			buildSettings = {
				ASSETCATALOG_COMPILER_APPICON_NAME = AppIcon;
				EMBEDDED_CONTENT_CONTAINS_SWIFT = YES;
				IBSC_MODULE = Giddy_Apple_Watch_Extension;
				INFOPLIST_FILE = "Giddy Apple Watch/Info.plist";
				PRODUCT_BUNDLE_IDENTIFIER = com.nicholasnaude.Giddy.watchkitapp;
				PRODUCT_NAME = "$(TARGET_NAME)";
				SDKROOT = watchos;
				SKIP_INSTALL = YES;
				TARGETED_DEVICE_FAMILY = 4;
				WATCHOS_DEPLOYMENT_TARGET = 2.1;
			};
			name = Release;
		};
/* End XCBuildConfiguration section */

/* Begin XCConfigurationList section */
		4A3DC0301C9E0C15009AB92A /* Build configuration list for PBXProject "Giddy" */ = {
			isa = XCConfigurationList;
			buildConfigurations = (
				4A3DC0451C9E0C15009AB92A /* Debug */,
				4A3DC0461C9E0C15009AB92A /* Release */,
			);
			defaultConfigurationIsVisible = 0;
			defaultConfigurationName = Release;
		};
		4A3DC0471C9E0C15009AB92A /* Build configuration list for PBXNativeTarget "Giddy" */ = {
			isa = XCConfigurationList;
			buildConfigurations = (
				4A3DC0481C9E0C15009AB92A /* Debug */,
				4A3DC0491C9E0C15009AB92A /* Release */,
			);
			defaultConfigurationIsVisible = 0;
			defaultConfigurationName = Release;
		};
		4A3DC0751C9F1F66009AB92A /* Build configuration list for PBXNativeTarget "Giddy Apple Watch Extension" */ = {
			isa = XCConfigurationList;
			buildConfigurations = (
				4A3DC0761C9F1F66009AB92A /* Debug */,
				4A3DC0771C9F1F66009AB92A /* Release */,
			);
			defaultConfigurationIsVisible = 0;
			defaultConfigurationName = Release;
		};
		4A3DC0791C9F1F66009AB92A /* Build configuration list for PBXNativeTarget "Giddy Apple Watch" */ = {
			isa = XCConfigurationList;
			buildConfigurations = (
				4A3DC07A1C9F1F66009AB92A /* Debug */,
				4A3DC07B1C9F1F66009AB92A /* Release */,
			);
			defaultConfigurationIsVisible = 0;
			defaultConfigurationName = Release;
		};
/* End XCConfigurationList section */

/* Begin XCVersionGroup section */
		4A251A021CB2E8CD007CF8EE /* GiddyDataModel.xcdatamodeld */ = {
			isa = XCVersionGroup;
			children = (
				4A251A031CB2E8CD007CF8EE /* GiddyDataModel.xcdatamodel */,
			);
			currentVersion = 4A251A031CB2E8CD007CF8EE /* GiddyDataModel.xcdatamodel */;
			path = GiddyDataModel.xcdatamodeld;
			sourceTree = "<group>";
			versionGroupType = wrapper.xcdatamodel;
		};
/* End XCVersionGroup section */
	};
	rootObject = 4A3DC02D1C9E0C15009AB92A /* Project object */;
}
